// !$*UTF8*$!
{
	archiveVersion = 1;
	classes = {
	};
	objectVersion = 56;
	objects = {

/* Begin PBXBuildFile section */
		66BF0FCC28E25CAD00EBE1D6 /* AppDelegate.swift in Sources */ = {isa = PBXBuildFile; fileRef = 66BF0FCB28E25CAD00EBE1D6 /* AppDelegate.swift */; };
		66BF0FCE28E25CAD00EBE1D6 /* SceneDelegate.swift in Sources */ = {isa = PBXBuildFile; fileRef = 66BF0FCD28E25CAD00EBE1D6 /* SceneDelegate.swift */; };
		66BF0FD028E25CAD00EBE1D6 /* ViewController.swift in Sources */ = {isa = PBXBuildFile; fileRef = 66BF0FCF28E25CAD00EBE1D6 /* ViewController.swift */; };
		66BF0FD328E25CAD00EBE1D6 /* Main.storyboard in Resources */ = {isa = PBXBuildFile; fileRef = 66BF0FD128E25CAD00EBE1D6 /* Main.storyboard */; };
		66BF0FD528E25CAE00EBE1D6 /* Assets.xcassets in Resources */ = {isa = PBXBuildFile; fileRef = 66BF0FD428E25CAE00EBE1D6 /* Assets.xcassets */; };
		66BF0FD828E25CAE00EBE1D6 /* LaunchScreen.storyboard in Resources */ = {isa = PBXBuildFile; fileRef = 66BF0FD628E25CAE00EBE1D6 /* LaunchScreen.storyboard */; };
		66BF0FE328E25CAE00EBE1D6 /* ib_lessonTests.swift in Sources */ = {isa = PBXBuildFile; fileRef = 66BF0FE228E25CAE00EBE1D6 /* ib_lessonTests.swift */; };
		66BF0FED28E25CAE00EBE1D6 /* ib_lessonUITests.swift in Sources */ = {isa = PBXBuildFile; fileRef = 66BF0FEC28E25CAE00EBE1D6 /* ib_lessonUITests.swift */; };
		66BF0FEF28E25CAE00EBE1D6 /* ib_lessonUITestsLaunchTests.swift in Sources */ = {isa = PBXBuildFile; fileRef = 66BF0FEE28E25CAE00EBE1D6 /* ib_lessonUITestsLaunchTests.swift */; };
/* End PBXBuildFile section */

/* Begin PBXContainerItemProxy section */
		66BF0FDF28E25CAE00EBE1D6 /* PBXContainerItemProxy */ = {
			isa = PBXContainerItemProxy;
			containerPortal = 66BF0FC028E25CAC00EBE1D6 /* Project object */;
			proxyType = 1;
			remoteGlobalIDString = 66BF0FC728E25CAC00EBE1D6;
			remoteInfo = "ib-lesson";
		};
		66BF0FE928E25CAE00EBE1D6 /* PBXContainerItemProxy */ = {
			isa = PBXContainerItemProxy;
			containerPortal = 66BF0FC028E25CAC00EBE1D6 /* Project object */;
			proxyType = 1;
			remoteGlobalIDString = 66BF0FC728E25CAC00EBE1D6;
			remoteInfo = "ib-lesson";
		};
/* End PBXContainerItemProxy section */

/* Begin PBXFileReference section */
		66BF0FC828E25CAD00EBE1D6 /* ib-lesson.app */ = {isa = PBXFileReference; explicitFileType = wrapper.application; includeInIndex = 0; path = "ib-lesson.app"; sourceTree = BUILT_PRODUCTS_DIR; };
		66BF0FCB28E25CAD00EBE1D6 /* AppDelegate.swift */ = {isa = PBXFileReference; lastKnownFileType = sourcecode.swift; path = AppDelegate.swift; sourceTree = "<group>"; };
		66BF0FCD28E25CAD00EBE1D6 /* SceneDelegate.swift */ = {isa = PBXFileReference; lastKnownFileType = sourcecode.swift; path = SceneDelegate.swift; sourceTree = "<group>"; };
		66BF0FCF28E25CAD00EBE1D6 /* ViewController.swift */ = {isa = PBXFileReference; lastKnownFileType = sourcecode.swift; path = ViewController.swift; sourceTree = "<group>"; };
		66BF0FD228E25CAD00EBE1D6 /* Base */ = {isa = PBXFileReference; lastKnownFileType = file.storyboard; name = Base; path = Base.lproj/Main.storyboard; sourceTree = "<group>"; };
		66BF0FD428E25CAE00EBE1D6 /* Assets.xcassets */ = {isa = PBXFileReference; lastKnownFileType = folder.assetcatalog; path = Assets.xcassets; sourceTree = "<group>"; };
		66BF0FD728E25CAE00EBE1D6 /* Base */ = {isa = PBXFileReference; lastKnownFileType = file.storyboard; name = Base; path = Base.lproj/LaunchScreen.storyboard; sourceTree = "<group>"; };
		66BF0FD928E25CAE00EBE1D6 /* Info.plist */ = {isa = PBXFileReference; lastKnownFileType = text.plist.xml; path = Info.plist; sourceTree = "<group>"; };
		66BF0FDE28E25CAE00EBE1D6 /* ib-lessonTests.xctest */ = {isa = PBXFileReference; explicitFileType = wrapper.cfbundle; includeInIndex = 0; path = "ib-lessonTests.xctest"; sourceTree = BUILT_PRODUCTS_DIR; };
		66BF0FE228E25CAE00EBE1D6 /* ib_lessonTests.swift */ = {isa = PBXFileReference; lastKnownFileType = sourcecode.swift; path = ib_lessonTests.swift; sourceTree = "<group>"; };
		66BF0FE828E25CAE00EBE1D6 /* ib-lessonUITests.xctest */ = {isa = PBXFileReference; explicitFileType = wrapper.cfbundle; includeInIndex = 0; path = "ib-lessonUITests.xctest"; sourceTree = BUILT_PRODUCTS_DIR; };
		66BF0FEC28E25CAE00EBE1D6 /* ib_lessonUITests.swift */ = {isa = PBXFileReference; lastKnownFileType = sourcecode.swift; path = ib_lessonUITests.swift; sourceTree = "<group>"; };
		66BF0FEE28E25CAE00EBE1D6 /* ib_lessonUITestsLaunchTests.swift */ = {isa = PBXFileReference; lastKnownFileType = sourcecode.swift; path = ib_lessonUITestsLaunchTests.swift; sourceTree = "<group>"; };
/* End PBXFileReference section */

/* Begin PBXFrameworksBuildPhase section */
		66BF0FC528E25CAC00EBE1D6 /* Frameworks */ = {
			isa = PBXFrameworksBuildPhase;
			buildActionMask = 2147483647;
			files = (
			);
			runOnlyForDeploymentPostprocessing = 0;
		};
		66BF0FDB28E25CAE00EBE1D6 /* Frameworks */ = {
			isa = PBXFrameworksBuildPhase;
			buildActionMask = 2147483647;
			files = (
			);
			runOnlyForDeploymentPostprocessing = 0;
		};
		66BF0FE528E25CAE00EBE1D6 /* Frameworks */ = {
			isa = PBXFrameworksBuildPhase;
			buildActionMask = 2147483647;
			files = (
			);
			runOnlyForDeploymentPostprocessing = 0;
		};
/* End PBXFrameworksBuildPhase section */

/* Begin PBXGroup section */
		66BF0FBF28E25CAC00EBE1D6 = {
			isa = PBXGroup;
			children = (
				66BF0FCA28E25CAD00EBE1D6 /* ib-lesson */,
				66BF0FE128E25CAE00EBE1D6 /* ib-lessonTests */,
				66BF0FEB28E25CAE00EBE1D6 /* ib-lessonUITests */,
				66BF0FC928E25CAD00EBE1D6 /* Products */,
			);
			sourceTree = "<group>";
		};
		66BF0FC928E25CAD00EBE1D6 /* Products */ = {
			isa = PBXGroup;
			children = (
				66BF0FC828E25CAD00EBE1D6 /* ib-lesson.app */,
				66BF0FDE28E25CAE00EBE1D6 /* ib-lessonTests.xctest */,
				66BF0FE828E25CAE00EBE1D6 /* ib-lessonUITests.xctest */,
			);
			name = Products;
			sourceTree = "<group>";
		};
		66BF0FCA28E25CAD00EBE1D6 /* ib-lesson */ = {
			isa = PBXGroup;
			children = (
				66BF0FCB28E25CAD00EBE1D6 /* AppDelegate.swift */,
				66BF0FCD28E25CAD00EBE1D6 /* SceneDelegate.swift */,
				66BF0FCF28E25CAD00EBE1D6 /* ViewController.swift */,
				66BF0FD128E25CAD00EBE1D6 /* Main.storyboard */,
				66BF0FD428E25CAE00EBE1D6 /* Assets.xcassets */,
				66BF0FD628E25CAE00EBE1D6 /* LaunchScreen.storyboard */,
				66BF0FD928E25CAE00EBE1D6 /* Info.plist */,
			);
			path = "ib-lesson";
			sourceTree = "<group>";
		};
		66BF0FE128E25CAE00EBE1D6 /* ib-lessonTests */ = {
			isa = PBXGroup;
			children = (
				66BF0FE228E25CAE00EBE1D6 /* ib_lessonTests.swift */,
			);
			path = "ib-lessonTests";
			sourceTree = "<group>";
		};
		66BF0FEB28E25CAE00EBE1D6 /* ib-lessonUITests */ = {
			isa = PBXGroup;
			children = (
				66BF0FEC28E25CAE00EBE1D6 /* ib_lessonUITests.swift */,
				66BF0FEE28E25CAE00EBE1D6 /* ib_lessonUITestsLaunchTests.swift */,
			);
			path = "ib-lessonUITests";
			sourceTree = "<group>";
		};
/* End PBXGroup section */

/* Begin PBXNativeTarget section */
		66BF0FC728E25CAC00EBE1D6 /* ib-lesson */ = {
			isa = PBXNativeTarget;
			buildConfigurationList = 66BF0FF228E25CAE00EBE1D6 /* Build configuration list for PBXNativeTarget "ib-lesson" */;
			buildPhases = (
				66BF0FC428E25CAC00EBE1D6 /* Sources */,
				66BF0FC528E25CAC00EBE1D6 /* Frameworks */,
				66BF0FC628E25CAC00EBE1D6 /* Resources */,
			);
			buildRules = (
			);
			dependencies = (
			);
			name = "ib-lesson";
			productName = "ib-lesson";
			productReference = 66BF0FC828E25CAD00EBE1D6 /* ib-lesson.app */;
			productType = "com.apple.product-type.application";
		};
		66BF0FDD28E25CAE00EBE1D6 /* ib-lessonTests */ = {
			isa = PBXNativeTarget;
			buildConfigurationList = 66BF0FF528E25CAE00EBE1D6 /* Build configuration list for PBXNativeTarget "ib-lessonTests" */;
			buildPhases = (
				66BF0FDA28E25CAE00EBE1D6 /* Sources */,
				66BF0FDB28E25CAE00EBE1D6 /* Frameworks */,
				66BF0FDC28E25CAE00EBE1D6 /* Resources */,
			);
			buildRules = (
			);
			dependencies = (
				66BF0FE028E25CAE00EBE1D6 /* PBXTargetDependency */,
			);
			name = "ib-lessonTests";
			productName = "ib-lessonTests";
			productReference = 66BF0FDE28E25CAE00EBE1D6 /* ib-lessonTests.xctest */;
			productType = "com.apple.product-type.bundle.unit-test";
		};
		66BF0FE728E25CAE00EBE1D6 /* ib-lessonUITests */ = {
			isa = PBXNativeTarget;
			buildConfigurationList = 66BF0FF828E25CAE00EBE1D6 /* Build configuration list for PBXNativeTarget "ib-lessonUITests" */;
			buildPhases = (
				66BF0FE428E25CAE00EBE1D6 /* Sources */,
				66BF0FE528E25CAE00EBE1D6 /* Frameworks */,
				66BF0FE628E25CAE00EBE1D6 /* Resources */,
			);
			buildRules = (
			);
			dependencies = (
				66BF0FEA28E25CAE00EBE1D6 /* PBXTargetDependency */,
			);
			name = "ib-lessonUITests";
			productName = "ib-lessonUITests";
			productReference = 66BF0FE828E25CAE00EBE1D6 /* ib-lessonUITests.xctest */;
			productType = "com.apple.product-type.bundle.ui-testing";
		};
/* End PBXNativeTarget section */

/* Begin PBXProject section */
		66BF0FC028E25CAC00EBE1D6 /* Project object */ = {
			isa = PBXProject;
			attributes = {
				BuildIndependentTargetsInParallel = 1;
				LastSwiftUpdateCheck = 1400;
				LastUpgradeCheck = 1400;
				TargetAttributes = {
					66BF0FC728E25CAC00EBE1D6 = {
						CreatedOnToolsVersion = 14.0;
					};
					66BF0FDD28E25CAE00EBE1D6 = {
						CreatedOnToolsVersion = 14.0;
						TestTargetID = 66BF0FC728E25CAC00EBE1D6;
					};
					66BF0FE728E25CAE00EBE1D6 = {
						CreatedOnToolsVersion = 14.0;
						TestTargetID = 66BF0FC728E25CAC00EBE1D6;
					};
				};
			};
			buildConfigurationList = 66BF0FC328E25CAC00EBE1D6 /* Build configuration list for PBXProject "ib-lesson" */;
			compatibilityVersion = "Xcode 14.0";
			developmentRegion = en;
			hasScannedForEncodings = 0;
			knownRegions = (
				en,
				Base,
			);
			mainGroup = 66BF0FBF28E25CAC00EBE1D6;
			productRefGroup = 66BF0FC928E25CAD00EBE1D6 /* Products */;
			projectDirPath = "";
			projectRoot = "";
			targets = (
				66BF0FC728E25CAC00EBE1D6 /* ib-lesson */,
				66BF0FDD28E25CAE00EBE1D6 /* ib-lessonTests */,
				66BF0FE728E25CAE00EBE1D6 /* ib-lessonUITests */,
			);
		};
/* End PBXProject section */

/* Begin PBXResourcesBuildPhase section */
		66BF0FC628E25CAC00EBE1D6 /* Resources */ = {
			isa = PBXResourcesBuildPhase;
			buildActionMask = 2147483647;
			files = (
				66BF0FD828E25CAE00EBE1D6 /* LaunchScreen.storyboard in Resources */,
				66BF0FD528E25CAE00EBE1D6 /* Assets.xcassets in Resources */,
				66BF0FD328E25CAD00EBE1D6 /* Main.storyboard in Resources */,
			);
			runOnlyForDeploymentPostprocessing = 0;
		};
		66BF0FDC28E25CAE00EBE1D6 /* Resources */ = {
			isa = PBXResourcesBuildPhase;
			buildActionMask = 2147483647;
			files = (
			);
			runOnlyForDeploymentPostprocessing = 0;
		};
		66BF0FE628E25CAE00EBE1D6 /* Resources */ = {
			isa = PBXResourcesBuildPhase;
			buildActionMask = 2147483647;
			files = (
			);
			runOnlyForDeploymentPostprocessing = 0;
		};
/* End PBXResourcesBuildPhase section */

/* Begin PBXSourcesBuildPhase section */
		66BF0FC428E25CAC00EBE1D6 /* Sources */ = {
			isa = PBXSourcesBuildPhase;
			buildActionMask = 2147483647;
			files = (
				66BF0FD028E25CAD00EBE1D6 /* ViewController.swift in Sources */,
				66BF0FCC28E25CAD00EBE1D6 /* AppDelegate.swift in Sources */,
				66BF0FCE28E25CAD00EBE1D6 /* SceneDelegate.swift in Sources */,
			);
			runOnlyForDeploymentPostprocessing = 0;
		};
		66BF0FDA28E25CAE00EBE1D6 /* Sources */ = {
			isa = PBXSourcesBuildPhase;
			buildActionMask = 2147483647;
			files = (
				66BF0FE328E25CAE00EBE1D6 /* ib_lessonTests.swift in Sources */,
			);
			runOnlyForDeploymentPostprocessing = 0;
		};
		66BF0FE428E25CAE00EBE1D6 /* Sources */ = {
			isa = PBXSourcesBuildPhase;
			buildActionMask = 2147483647;
			files = (
				66BF0FED28E25CAE00EBE1D6 /* ib_lessonUITests.swift in Sources */,
				66BF0FEF28E25CAE00EBE1D6 /* ib_lessonUITestsLaunchTests.swift in Sources */,
			);
			runOnlyForDeploymentPostprocessing = 0;
		};
/* End PBXSourcesBuildPhase section */

/* Begin PBXTargetDependency section */
		66BF0FE028E25CAE00EBE1D6 /* PBXTargetDependency */ = {
			isa = PBXTargetDependency;
			target = 66BF0FC728E25CAC00EBE1D6 /* ib-lesson */;
			targetProxy = 66BF0FDF28E25CAE00EBE1D6 /* PBXContainerItemProxy */;
		};
		66BF0FEA28E25CAE00EBE1D6 /* PBXTargetDependency */ = {
			isa = PBXTargetDependency;
			target = 66BF0FC728E25CAC00EBE1D6 /* ib-lesson */;
			targetProxy = 66BF0FE928E25CAE00EBE1D6 /* PBXContainerItemProxy */;
		};
/* End PBXTargetDependency section */

/* Begin PBXVariantGroup section */
		66BF0FD128E25CAD00EBE1D6 /* Main.storyboard */ = {
			isa = PBXVariantGroup;
			children = (
				66BF0FD228E25CAD00EBE1D6 /* Base */,
			);
			name = Main.storyboard;
			sourceTree = "<group>";
		};
		66BF0FD628E25CAE00EBE1D6 /* LaunchScreen.storyboard */ = {
			isa = PBXVariantGroup;
			children = (
				66BF0FD728E25CAE00EBE1D6 /* Base */,
			);
			name = LaunchScreen.storyboard;
			sourceTree = "<group>";
		};
/* End PBXVariantGroup section */

/* Begin XCBuildConfiguration section */
		66BF0FF028E25CAE00EBE1D6 /* Debug */ = {
			isa = XCBuildConfiguration;
			buildSettings = {
				ALWAYS_SEARCH_USER_PATHS = NO;
				CLANG_ANALYZER_NONNULL = YES;
				CLANG_ANALYZER_NUMBER_OBJECT_CONVERSION = YES_AGGRESSIVE;
				CLANG_CXX_LANGUAGE_STANDARD = "gnu++20";
				CLANG_ENABLE_MODULES = YES;
				CLANG_ENABLE_OBJC_ARC = YES;
				CLANG_ENABLE_OBJC_WEAK = YES;
				CLANG_WARN_BLOCK_CAPTURE_AUTORELEASING = YES;
				CLANG_WARN_BOOL_CONVERSION = YES;
				CLANG_WARN_COMMA = YES;
				CLANG_WARN_CONSTANT_CONVERSION = YES;
				CLANG_WARN_DEPRECATED_OBJC_IMPLEMENTATIONS = YES;
				CLANG_WARN_DIRECT_OBJC_ISA_USAGE = YES_ERROR;
				CLANG_WARN_DOCUMENTATION_COMMENTS = YES;
				CLANG_WARN_EMPTY_BODY = YES;
				CLANG_WARN_ENUM_CONVERSION = YES;
				CLANG_WARN_INFINITE_RECURSION = YES;
				CLANG_WARN_INT_CONVERSION = YES;
				CLANG_WARN_NON_LITERAL_NULL_CONVERSION = YES;
				CLANG_WARN_OBJC_IMPLICIT_RETAIN_SELF = YES;
				CLANG_WARN_OBJC_LITERAL_CONVERSION = YES;
				CLANG_WARN_OBJC_ROOT_CLASS = YES_ERROR;
				CLANG_WARN_QUOTED_INCLUDE_IN_FRAMEWORK_HEADER = YES;
				CLANG_WARN_RANGE_LOOP_ANALYSIS = YES;
				CLANG_WARN_STRICT_PROTOTYPES = YES;
				CLANG_WARN_SUSPICIOUS_MOVE = YES;
				CLANG_WARN_UNGUARDED_AVAILABILITY = YES_AGGRESSIVE;
				CLANG_WARN_UNREACHABLE_CODE = YES;
				CLANG_WARN__DUPLICATE_METHOD_MATCH = YES;
				COPY_PHASE_STRIP = NO;
				DEBUG_INFORMATION_FORMAT = dwarf;
				ENABLE_STRICT_OBJC_MSGSEND = YES;
				ENABLE_TESTABILITY = YES;
				GCC_C_LANGUAGE_STANDARD = gnu11;
				GCC_DYNAMIC_NO_PIC = NO;
				GCC_NO_COMMON_BLOCKS = YES;
				GCC_OPTIMIZATION_LEVEL = 0;
				GCC_PREPROCESSOR_DEFINITIONS = (
					"DEBUG=1",
					"$(inherited)",
				);
				GCC_WARN_64_TO_32_BIT_CONVERSION = YES;
				GCC_WARN_ABOUT_RETURN_TYPE = YES_ERROR;
				GCC_WARN_UNDECLARED_SELECTOR = YES;
				GCC_WARN_UNINITIALIZED_AUTOS = YES_AGGRESSIVE;
				GCC_WARN_UNUSED_FUNCTION = YES;
				GCC_WARN_UNUSED_VARIABLE = YES;
				IPHONEOS_DEPLOYMENT_TARGET = 16.0;
				MTL_ENABLE_DEBUG_INFO = INCLUDE_SOURCE;
				MTL_FAST_MATH = YES;
				ONLY_ACTIVE_ARCH = YES;
				SDKROOT = iphoneos;
				SWIFT_ACTIVE_COMPILATION_CONDITIONS = DEBUG;
				SWIFT_OPTIMIZATION_LEVEL = "-Onone";
			};
			name = Debug;
		};
		66BF0FF128E25CAE00EBE1D6 /* Release */ = {
			isa = XCBuildConfiguration;
			buildSettings = {
				ALWAYS_SEARCH_USER_PATHS = NO;
				CLANG_ANALYZER_NONNULL = YES;
				CLANG_ANALYZER_NUMBER_OBJECT_CONVERSION = YES_AGGRESSIVE;
				CLANG_CXX_LANGUAGE_STANDARD = "gnu++20";
				CLANG_ENABLE_MODULES = YES;
				CLANG_ENABLE_OBJC_ARC = YES;
				CLANG_ENABLE_OBJC_WEAK = YES;
				CLANG_WARN_BLOCK_CAPTURE_AUTORELEASING = YES;
				CLANG_WARN_BOOL_CONVERSION = YES;
				CLANG_WARN_COMMA = YES;
				CLANG_WARN_CONSTANT_CONVERSION = YES;
				CLANG_WARN_DEPRECATED_OBJC_IMPLEMENTATIONS = YES;
				CLANG_WARN_DIRECT_OBJC_ISA_USAGE = YES_ERROR;
				CLANG_WARN_DOCUMENTATION_COMMENTS = YES;
				CLANG_WARN_EMPTY_BODY = YES;
				CLANG_WARN_ENUM_CONVERSION = YES;
				CLANG_WARN_INFINITE_RECURSION = YES;
				CLANG_WARN_INT_CONVERSION = YES;
				CLANG_WARN_NON_LITERAL_NULL_CONVERSION = YES;
				CLANG_WARN_OBJC_IMPLICIT_RETAIN_SELF = YES;
				CLANG_WARN_OBJC_LITERAL_CONVERSION = YES;
				CLANG_WARN_OBJC_ROOT_CLASS = YES_ERROR;
				CLANG_WARN_QUOTED_INCLUDE_IN_FRAMEWORK_HEADER = YES;
				CLANG_WARN_RANGE_LOOP_ANALYSIS = YES;
				CLANG_WARN_STRICT_PROTOTYPES = YES;
				CLANG_WARN_SUSPICIOUS_MOVE = YES;
				CLANG_WARN_UNGUARDED_AVAILABILITY = YES_AGGRESSIVE;
				CLANG_WARN_UNREACHABLE_CODE = YES;
				CLANG_WARN__DUPLICATE_METHOD_MATCH = YES;
				COPY_PHASE_STRIP = NO;
				DEBUG_INFORMATION_FORMAT = "dwarf-with-dsym";
				ENABLE_NS_ASSERTIONS = NO;
				ENABLE_STRICT_OBJC_MSGSEND = YES;
				GCC_C_LANGUAGE_STANDARD = gnu11;
				GCC_NO_COMMON_BLOCKS = YES;
				GCC_WARN_64_TO_32_BIT_CONVERSION = YES;
				GCC_WARN_ABOUT_RETURN_TYPE = YES_ERROR;
				GCC_WARN_UNDECLARED_SELECTOR = YES;
				GCC_WARN_UNINITIALIZED_AUTOS = YES_AGGRESSIVE;
				GCC_WARN_UNUSED_FUNCTION = YES;
				GCC_WARN_UNUSED_VARIABLE = YES;
				IPHONEOS_DEPLOYMENT_TARGET = 16.0;
				MTL_ENABLE_DEBUG_INFO = NO;
				MTL_FAST_MATH = YES;
				SDKROOT = iphoneos;
				SWIFT_COMPILATION_MODE = wholemodule;
				SWIFT_OPTIMIZATION_LEVEL = "-O";
				VALIDATE_PRODUCT = YES;
			};
			name = Release;
		};
		66BF0FF328E25CAE00EBE1D6 /* Debug */ = {
			isa = XCBuildConfiguration;
			buildSettings = {
				ASSETCATALOG_COMPILER_APPICON_NAME = AppIcon;
				ASSETCATALOG_COMPILER_GLOBAL_ACCENT_COLOR_NAME = AccentColor;
				CODE_SIGN_STYLE = Automatic;
				CURRENT_PROJECT_VERSION = 1;
				DEVELOPMENT_TEAM = 8T7PBN3LY8;
				GENERATE_INFOPLIST_FILE = YES;
				INFOPLIST_FILE = "ib-lesson/Info.plist";
				INFOPLIST_KEY_UIApplicationSupportsIndirectInputEvents = YES;
				INFOPLIST_KEY_UILaunchStoryboardName = LaunchScreen;
				INFOPLIST_KEY_UIMainStoryboardFile = Main;
				INFOPLIST_KEY_UIStatusBarStyle = "";
				INFOPLIST_KEY_UISupportedInterfaceOrientations_iPad = "UIInterfaceOrientationPortrait UIInterfaceOrientationPortraitUpsideDown UIInterfaceOrientationLandscapeLeft UIInterfaceOrientationLandscapeRight";
				INFOPLIST_KEY_UISupportedInterfaceOrientations_iPhone = "UIInterfaceOrientationPortrait UIInterfaceOrientationLandscapeLeft UIInterfaceOrientationLandscapeRight";
				LD_RUNPATH_SEARCH_PATHS = (
					"$(inherited)",
					"@executable_path/Frameworks",
				);
				MARKETING_VERSION = 1.0;
				PRODUCT_BUNDLE_IDENTIFIER = "Will-Humble.ib-lesson";
				PRODUCT_NAME = "$(TARGET_NAME)";
				SWIFT_EMIT_LOC_STRINGS = YES;
				SWIFT_VERSION = 5.0;
				TARGETED_DEVICE_FAMILY = "1,2";
			};
			name = Debug;
		};
		66BF0FF428E25CAE00EBE1D6 /* Release */ = {
			isa = XCBuildConfiguration;
			buildSettings = {
				ASSETCATALOG_COMPILER_APPICON_NAME = AppIcon;
				ASSETCATALOG_COMPILER_GLOBAL_ACCENT_COLOR_NAME = AccentColor;
				CODE_SIGN_STYLE = Automatic;
				CURRENT_PROJECT_VERSION = 1;
				DEVELOPMENT_TEAM = 8T7PBN3LY8;
				GENERATE_INFOPLIST_FILE = YES;
				INFOPLIST_FILE = "ib-lesson/Info.plist";
				INFOPLIST_KEY_UIApplicationSupportsIndirectInputEvents = YES;
				INFOPLIST_KEY_UILaunchStoryboardName = LaunchScreen;
				INFOPLIST_KEY_UIMainStoryboardFile = Main;
				INFOPLIST_KEY_UIStatusBarStyle = "";
				INFOPLIST_KEY_UISupportedInterfaceOrientations_iPad = "UIInterfaceOrientationPortrait UIInterfaceOrientationPortraitUpsideDown UIInterfaceOrientationLandscapeLeft UIInterfaceOrientationLandscapeRight";
				INFOPLIST_KEY_UISupportedInterfaceOrientations_iPhone = "UIInterfaceOrientationPortrait UIInterfaceOrientationLandscapeLeft UIInterfaceOrientationLandscapeRight";
				LD_RUNPATH_SEARCH_PATHS = (
					"$(inherited)",
					"@executable_path/Frameworks",
				);
				MARKETING_VERSION = 1.0;
				PRODUCT_BUNDLE_IDENTIFIER = "Will-Humble.ib-lesson";
				PRODUCT_NAME = "$(TARGET_NAME)";
				SWIFT_EMIT_LOC_STRINGS = YES;
				SWIFT_VERSION = 5.0;
				TARGETED_DEVICE_FAMILY = "1,2";
			};
			name = Release;
		};
		66BF0FF628E25CAE00EBE1D6 /* Debug */ = {
			isa = XCBuildConfiguration;
			buildSettings = {
				ALWAYS_EMBED_SWIFT_STANDARD_LIBRARIES = YES;
				BUNDLE_LOADER = "$(TEST_HOST)";
				CODE_SIGN_STYLE = Automatic;
				CURRENT_PROJECT_VERSION = 1;
				DEVELOPMENT_TEAM = 8T7PBN3LY8;
				GENERATE_INFOPLIST_FILE = YES;
				IPHONEOS_DEPLOYMENT_TARGET = 16.0;
				MARKETING_VERSION = 1.0;
				PRODUCT_BUNDLE_IDENTIFIER = "Will-Humble.ib-lessonTests";
				PRODUCT_NAME = "$(TARGET_NAME)";
				SWIFT_EMIT_LOC_STRINGS = NO;
				SWIFT_VERSION = 5.0;
				TARGETED_DEVICE_FAMILY = "1,2";
				TEST_HOST = "$(BUILT_PRODUCTS_DIR)/ib-lesson.app/$(BUNDLE_EXECUTABLE_FOLDER_PATH)/ib-lesson";
			};
			name = Debug;
		};
		66BF0FF728E25CAE00EBE1D6 /* Release */ = {
			isa = XCBuildConfiguration;
			buildSettings = {
				ALWAYS_EMBED_SWIFT_STANDARD_LIBRARIES = YES;
				BUNDLE_LOADER = "$(TEST_HOST)";
				CODE_SIGN_STYLE = Automatic;
				CURRENT_PROJECT_VERSION = 1;
				DEVELOPMENT_TEAM = 8T7PBN3LY8;
				GENERATE_INFOPLIST_FILE = YES;
				IPHONEOS_DEPLOYMENT_TARGET = 16.0;
				MARKETING_VERSION = 1.0;
				PRODUCT_BUNDLE_IDENTIFIER = "Will-Humble.ib-lessonTests";
				PRODUCT_NAME = "$(TARGET_NAME)";
				SWIFT_EMIT_LOC_STRINGS = NO;
				SWIFT_VERSION = 5.0;
				TARGETED_DEVICE_FAMILY = "1,2";
				TEST_HOST = "$(BUILT_PRODUCTS_DIR)/ib-lesson.app/$(BUNDLE_EXECUTABLE_FOLDER_PATH)/ib-lesson";
			};
			name = Release;
		};
		66BF0FF928E25CAE00EBE1D6 /* Debug */ = {
			isa = XCBuildConfiguration;
			buildSettings = {
				ALWAYS_EMBED_SWIFT_STANDARD_LIBRARIES = YES;
				CODE_SIGN_STYLE = Automatic;
				CURRENT_PROJECT_VERSION = 1;
				DEVELOPMENT_TEAM = 8T7PBN3LY8;
				GENERATE_INFOPLIST_FILE = YES;
				MARKETING_VERSION = 1.0;
				PRODUCT_BUNDLE_IDENTIFIER = "Will-Humble.ib-lessonUITests";
				PRODUCT_NAME = "$(TARGET_NAME)";
				SWIFT_EMIT_LOC_STRINGS = NO;
				SWIFT_VERSION = 5.0;
				TARGETED_DEVICE_FAMILY = "1,2";
				TEST_TARGET_NAME = "ib-lesson";
			};
			name = Debug;
		};
		66BF0FFA28E25CAE00EBE1D6 /* Release */ = {
			isa = XCBuildConfiguration;
			buildSettings = {
				ALWAYS_EMBED_SWIFT_STANDARD_LIBRARIES = YES;
				CODE_SIGN_STYLE = Automatic;
				CURRENT_PROJECT_VERSION = 1;
				DEVELOPMENT_TEAM = 8T7PBN3LY8;
				GENERATE_INFOPLIST_FILE = YES;
				MARKETING_VERSION = 1.0;
				PRODUCT_BUNDLE_IDENTIFIER = "Will-Humble.ib-lessonUITests";
				PRODUCT_NAME = "$(TARGET_NAME)";
				SWIFT_EMIT_LOC_STRINGS = NO;
				SWIFT_VERSION = 5.0;
				TARGETED_DEVICE_FAMILY = "1,2";
				TEST_TARGET_NAME = "ib-lesson";
			};
			name = Release;
		};
/* End XCBuildConfiguration section */

/* Begin XCConfigurationList section */
		66BF0FC328E25CAC00EBE1D6 /* Build configuration list for PBXProject "ib-lesson" */ = {
			isa = XCConfigurationList;
			buildConfigurations = (
				66BF0FF028E25CAE00EBE1D6 /* Debug */,
				66BF0FF128E25CAE00EBE1D6 /* Release */,
			);
			defaultConfigurationIsVisible = 0;
			defaultConfigurationName = Release;
		};
		66BF0FF228E25CAE00EBE1D6 /* Build configuration list for PBXNativeTarget "ib-lesson" */ = {
			isa = XCConfigurationList;
			buildConfigurations = (
				66BF0FF328E25CAE00EBE1D6 /* Debug */,
				66BF0FF428E25CAE00EBE1D6 /* Release */,
			);
			defaultConfigurationIsVisible = 0;
			defaultConfigurationName = Release;
		};
		66BF0FF528E25CAE00EBE1D6 /* Build configuration list for PBXNativeTarget "ib-lessonTests" */ = {
			isa = XCConfigurationList;
			buildConfigurations = (
				66BF0FF628E25CAE00EBE1D6 /* Debug */,
				66BF0FF728E25CAE00EBE1D6 /* Release */,
			);
			defaultConfigurationIsVisible = 0;
			defaultConfigurationName = Release;
		};
		66BF0FF828E25CAE00EBE1D6 /* Build configuration list for PBXNativeTarget "ib-lessonUITests" */ = {
			isa = XCConfigurationList;
			buildConfigurations = (
				66BF0FF928E25CAE00EBE1D6 /* Debug */,
				66BF0FFA28E25CAE00EBE1D6 /* Release */,
			);
			defaultConfigurationIsVisible = 0;
			defaultConfigurationName = Release;
		};
/* End XCConfigurationList section */
	};
	rootObject = 66BF0FC028E25CAC00EBE1D6 /* Project object */;
}
